
Microsoft Visual Studio Solution File, Format Version 12.00
# Visual Studio Version 17
VisualStudioVersion = 17.4.33122.133
MinimumVisualStudioVersion = 10.0.40219.1
Project("{FAE04EC0-301F-11D3-BF4B-00C04F79EFBC}") = "WebApplication1", "WebApplication1.csproj", "{CC822DAF-0C2D-44CA-8891-4E0D7F07930F}"
EndProject
Global
	GlobalSection(SolutionConfigurationPlatforms) = preSolution
		Debug|Any CPU = Debug|Any CPU
		Release|Any CPU = Release|Any CPU
	EndGlobalSection
	GlobalSection(ProjectConfigurationPlatforms) = postSolution
		{CC822DAF-0C2D-44CA-8891-4E0D7F07930F}.Debug|Any CPU.ActiveCfg = Debug|Any CPU
		{CC822DAF-0C2D-44CA-8891-4E0D7F07930F}.Debug|Any CPU.Build.0 = Debug|Any CPU
		{CC822DAF-0C2D-44CA-8891-4E0D7F07930F}.Release|Any CPU.ActiveCfg = Release|Any CPU
		{CC822DAF-0C2D-44CA-8891-4E0D7F07930F}.Release|Any CPU.Build.0 = Release|Any CPU
	EndGlobalSection
	GlobalSection(SolutionProperties) = preSolution
		HideSolutionNode = FALSE
	EndGlobalSection
	GlobalSection(ExtensibilityGlobals) = postSolution
		SolutionGuid = {3A641141-60D7-4DDA-AFEE-3C9732C878A7}
	EndGlobalSection
EndGlobal
